// !$*UTF8*$!
{
	archiveVersion = 1;
	classes = {
	};
	objectVersion = 55;
	objects = {

/* Begin PBXBuildFile section */
		000E677828281F4E00E9347C /* OnboardingContainerViewController.swift in Sources */ = {isa = PBXBuildFile; fileRef = 000E677728281F4E00E9347C /* OnboardingContainerViewController.swift */; };
		002033A9282923F8003E6EF5 /* UiViewController+Utils.swift in Sources */ = {isa = PBXBuildFile; fileRef = 002033A8282923F8003E6EF5 /* UiViewController+Utils.swift */; };
		002033AB2829267D003E6EF5 /* MainViewController.swift in Sources */ = {isa = PBXBuildFile; fileRef = 002033AA2829267D003E6EF5 /* MainViewController.swift */; };
		003E1AA22806C4D0004DEE9E /* AppDelegate.swift in Sources */ = {isa = PBXBuildFile; fileRef = 003E1AA12806C4D0004DEE9E /* AppDelegate.swift */; };
		003E1AA62806C4D0004DEE9E /* LoginViewController.swift in Sources */ = {isa = PBXBuildFile; fileRef = 003E1AA52806C4D0004DEE9E /* LoginViewController.swift */; };
		003E1AAB2806C4D2004DEE9E /* Assets.xcassets in Resources */ = {isa = PBXBuildFile; fileRef = 003E1AAA2806C4D2004DEE9E /* Assets.xcassets */; };
		003E1AAE2806C4D2004DEE9E /* LaunchScreen.storyboard in Resources */ = {isa = PBXBuildFile; fileRef = 003E1AAC2806C4D2004DEE9E /* LaunchScreen.storyboard */; };
		003E1AB82806C848004DEE9E /* LoginView.swift in Sources */ = {isa = PBXBuildFile; fileRef = 003E1AB72806C848004DEE9E /* LoginView.swift */; };
		00681ADC282E97200014CCC7 /* AccountSummaryViewController.swift in Sources */ = {isa = PBXBuildFile; fileRef = 00681ADB282E97200014CCC7 /* AccountSummaryViewController.swift */; };
/* End PBXBuildFile section */

/* Begin PBXFileReference section */
		000E677728281F4E00E9347C /* OnboardingContainerViewController.swift */ = {isa = PBXFileReference; lastKnownFileType = sourcecode.swift; path = OnboardingContainerViewController.swift; sourceTree = "<group>"; };
		002033A8282923F8003E6EF5 /* UiViewController+Utils.swift */ = {isa = PBXFileReference; lastKnownFileType = sourcecode.swift; path = "UiViewController+Utils.swift"; sourceTree = "<group>"; };
		002033AA2829267D003E6EF5 /* MainViewController.swift */ = {isa = PBXFileReference; lastKnownFileType = sourcecode.swift; path = MainViewController.swift; sourceTree = "<group>"; };
		003E1A9E2806C4D0004DEE9E /* Bankey.app */ = {isa = PBXFileReference; explicitFileType = wrapper.application; includeInIndex = 0; path = Bankey.app; sourceTree = BUILT_PRODUCTS_DIR; };
		003E1AA12806C4D0004DEE9E /* AppDelegate.swift */ = {isa = PBXFileReference; lastKnownFileType = sourcecode.swift; path = AppDelegate.swift; sourceTree = "<group>"; };
		003E1AA52806C4D0004DEE9E /* LoginViewController.swift */ = {isa = PBXFileReference; lastKnownFileType = sourcecode.swift; path = LoginViewController.swift; sourceTree = "<group>"; };
		003E1AAA2806C4D2004DEE9E /* Assets.xcassets */ = {isa = PBXFileReference; lastKnownFileType = folder.assetcatalog; path = Assets.xcassets; sourceTree = "<group>"; };
		003E1AAD2806C4D2004DEE9E /* Base */ = {isa = PBXFileReference; lastKnownFileType = file.storyboard; name = Base; path = Base.lproj/LaunchScreen.storyboard; sourceTree = "<group>"; };
		003E1AAF2806C4D2004DEE9E /* Info.plist */ = {isa = PBXFileReference; lastKnownFileType = text.plist.xml; path = Info.plist; sourceTree = "<group>"; };
		003E1AB72806C848004DEE9E /* LoginView.swift */ = {isa = PBXFileReference; lastKnownFileType = sourcecode.swift; path = LoginView.swift; sourceTree = "<group>"; };
		00681ADB282E97200014CCC7 /* AccountSummaryViewController.swift */ = {isa = PBXFileReference; lastKnownFileType = sourcecode.swift; path = AccountSummaryViewController.swift; sourceTree = "<group>"; };
/* End PBXFileReference section */

/* Begin PBXFrameworksBuildPhase section */
		003E1A9B2806C4D0004DEE9E /* Frameworks */ = {
			isa = PBXFrameworksBuildPhase;
			buildActionMask = 2147483647;
			files = (
			);
			runOnlyForDeploymentPostprocessing = 0;
		};
/* End PBXFrameworksBuildPhase section */

/* Begin PBXGroup section */
		000E677628281F2700E9347C /* Onboarding */ = {
			isa = PBXGroup;
			children = (
				000E677728281F4E00E9347C /* OnboardingContainerViewController.swift */,
			);
			name = Onboarding;
			sourceTree = "<group>";
		};
		002033A7282923DD003E6EF5 /* Util */ = {
			isa = PBXGroup;
			children = (
				002033A8282923F8003E6EF5 /* UiViewController+Utils.swift */,
			);
			name = Util;
			sourceTree = "<group>";
		};
		003E1A952806C4CF004DEE9E = {
			isa = PBXGroup;
			children = (
				003E1AA02806C4D0004DEE9E /* Bankey */,
				003E1A9F2806C4D0004DEE9E /* Products */,
			);
			sourceTree = "<group>";
		};
		003E1A9F2806C4D0004DEE9E /* Products */ = {
			isa = PBXGroup;
			children = (
				003E1A9E2806C4D0004DEE9E /* Bankey.app */,
			);
			name = Products;
			sourceTree = "<group>";
		};
		003E1AA02806C4D0004DEE9E /* Bankey */ = {
			isa = PBXGroup;
			children = (
				003E1AA12806C4D0004DEE9E /* AppDelegate.swift */,
				002033AA2829267D003E6EF5 /* MainViewController.swift */,
				002033A7282923DD003E6EF5 /* Util */,
				000E677628281F2700E9347C /* Onboarding */,
				003E1AB52806C7CE004DEE9E /* Files */,
				003E1AB62806C81A004DEE9E /* Login */,
				00681ADA282E96B70014CCC7 /* AccountSummary */,
			);
			path = Bankey;
			sourceTree = "<group>";
		};
		003E1AB52806C7CE004DEE9E /* Files */ = {
			isa = PBXGroup;
			children = (
				003E1AAA2806C4D2004DEE9E /* Assets.xcassets */,
				003E1AAC2806C4D2004DEE9E /* LaunchScreen.storyboard */,
				003E1AAF2806C4D2004DEE9E /* Info.plist */,
			);
			name = Files;
			sourceTree = "<group>";
		};
		003E1AB62806C81A004DEE9E /* Login */ = {
			isa = PBXGroup;
			children = (
				003E1AA52806C4D0004DEE9E /* LoginViewController.swift */,
				003E1AB72806C848004DEE9E /* LoginView.swift */,
			);
			name = Login;
			sourceTree = "<group>";
		};
		00681ADA282E96B70014CCC7 /* AccountSummary */ = {
			isa = PBXGroup;
			children = (
				00681ADB282E97200014CCC7 /* AccountSummaryViewController.swift */,
			);
			path = AccountSummary;
			sourceTree = "<group>";
		};
/* End PBXGroup section */

/* Begin PBXNativeTarget section */
		003E1A9D2806C4D0004DEE9E /* Bankey */ = {
			isa = PBXNativeTarget;
			buildConfigurationList = 003E1AB22806C4D2004DEE9E /* Build configuration list for PBXNativeTarget "Bankey" */;
			buildPhases = (
				003E1A9A2806C4D0004DEE9E /* Sources */,
				003E1A9B2806C4D0004DEE9E /* Frameworks */,
				003E1A9C2806C4D0004DEE9E /* Resources */,
			);
			buildRules = (
			);
			dependencies = (
			);
			name = Bankey;
			productName = Bankey;
			productReference = 003E1A9E2806C4D0004DEE9E /* Bankey.app */;
			productType = "com.apple.product-type.application";
		};
/* End PBXNativeTarget section */

/* Begin PBXProject section */
		003E1A962806C4CF004DEE9E /* Project object */ = {
			isa = PBXProject;
			attributes = {
				BuildIndependentTargetsInParallel = 1;
				LastSwiftUpdateCheck = 1330;
				LastUpgradeCheck = 1330;
				TargetAttributes = {
					003E1A9D2806C4D0004DEE9E = {
						CreatedOnToolsVersion = 13.3;
					};
				};
			};
			buildConfigurationList = 003E1A992806C4CF004DEE9E /* Build configuration list for PBXProject "Bankey" */;
			compatibilityVersion = "Xcode 13.0";
			developmentRegion = en;
			hasScannedForEncodings = 0;
			knownRegions = (
				en,
				Base,
			);
			mainGroup = 003E1A952806C4CF004DEE9E;
			productRefGroup = 003E1A9F2806C4D0004DEE9E /* Products */;
			projectDirPath = "";
			projectRoot = "";
			targets = (
				003E1A9D2806C4D0004DEE9E /* Bankey */,
			);
		};
/* End PBXProject section */

/* Begin PBXResourcesBuildPhase section */
		003E1A9C2806C4D0004DEE9E /* Resources */ = {
			isa = PBXResourcesBuildPhase;
			buildActionMask = 2147483647;
			files = (
				003E1AAE2806C4D2004DEE9E /* LaunchScreen.storyboard in Resources */,
				003E1AAB2806C4D2004DEE9E /* Assets.xcassets in Resources */,
			);
			runOnlyForDeploymentPostprocessing = 0;
		};
/* End PBXResourcesBuildPhase section */

/* Begin PBXSourcesBuildPhase section */
		003E1A9A2806C4D0004DEE9E /* Sources */ = {
			isa = PBXSourcesBuildPhase;
			buildActionMask = 2147483647;
			files = (
				00681ADC282E97200014CCC7 /* AccountSummaryViewController.swift in Sources */,
				003E1AB82806C848004DEE9E /* LoginView.swift in Sources */,
				003E1AA62806C4D0004DEE9E /* LoginViewController.swift in Sources */,
				002033A9282923F8003E6EF5 /* UiViewController+Utils.swift in Sources */,
				002033AB2829267D003E6EF5 /* MainViewController.swift in Sources */,
				003E1AA22806C4D0004DEE9E /* AppDelegate.swift in Sources */,
				000E677828281F4E00E9347C /* OnboardingContainerViewController.swift in Sources */,
			);
			runOnlyForDeploymentPostprocessing = 0;
		};
/* End PBXSourcesBuildPhase section */

/* Begin PBXVariantGroup section */
		003E1AAC2806C4D2004DEE9E /* LaunchScreen.storyboard */ = {
			isa = PBXVariantGroup;
			children = (
				003E1AAD2806C4D2004DEE9E /* Base */,
			);
			name = LaunchScreen.storyboard;
			sourceTree = "<group>";
		};
/* End PBXVariantGroup section */

/* Begin XCBuildConfiguration section */
		003E1AB02806C4D2004DEE9E /* Debug */ = {
			isa = XCBuildConfiguration;
			buildSettings = {
				ALWAYS_SEARCH_USER_PATHS = NO;
				CLANG_ANALYZER_NONNULL = YES;
				CLANG_ANALYZER_NUMBER_OBJECT_CONVERSION = YES_AGGRESSIVE;
				CLANG_CXX_LANGUAGE_STANDARD = "gnu++17";
				CLANG_ENABLE_MODULES = YES;
				CLANG_ENABLE_OBJC_ARC = YES;
				CLANG_ENABLE_OBJC_WEAK = YES;
				CLANG_WARN_BLOCK_CAPTURE_AUTORELEASING = YES;
				CLANG_WARN_BOOL_CONVERSION = YES;
				CLANG_WARN_COMMA = YES;
				CLANG_WARN_CONSTANT_CONVERSION = YES;
				CLANG_WARN_DEPRECATED_OBJC_IMPLEMENTATIONS = YES;
				CLANG_WARN_DIRECT_OBJC_ISA_USAGE = YES_ERROR;
				CLANG_WARN_DOCUMENTATION_COMMENTS = YES;
				CLANG_WARN_EMPTY_BODY = YES;
				CLANG_WARN_ENUM_CONVERSION = YES;
				CLANG_WARN_INFINITE_RECURSION = YES;
				CLANG_WARN_INT_CONVERSION = YES;
				CLANG_WARN_NON_LITERAL_NULL_CONVERSION = YES;
				CLANG_WARN_OBJC_IMPLICIT_RETAIN_SELF = YES;
				CLANG_WARN_OBJC_LITERAL_CONVERSION = YES;
				CLANG_WARN_OBJC_ROOT_CLASS = YES_ERROR;
				CLANG_WARN_QUOTED_INCLUDE_IN_FRAMEWORK_HEADER = YES;
				CLANG_WARN_RANGE_LOOP_ANALYSIS = YES;
				CLANG_WARN_STRICT_PROTOTYPES = YES;
				CLANG_WARN_SUSPICIOUS_MOVE = YES;
				CLANG_WARN_UNGUARDED_AVAILABILITY = YES_AGGRESSIVE;
				CLANG_WARN_UNREACHABLE_CODE = YES;
				CLANG_WARN__DUPLICATE_METHOD_MATCH = YES;
				COPY_PHASE_STRIP = NO;
				DEBUG_INFORMATION_FORMAT = dwarf;
				ENABLE_STRICT_OBJC_MSGSEND = YES;
				ENABLE_TESTABILITY = YES;
				GCC_C_LANGUAGE_STANDARD = gnu11;
				GCC_DYNAMIC_NO_PIC = NO;
				GCC_NO_COMMON_BLOCKS = YES;
				GCC_OPTIMIZATION_LEVEL = 0;
				GCC_PREPROCESSOR_DEFINITIONS = (
					"DEBUG=1",
					"$(inherited)",
				);
				GCC_WARN_64_TO_32_BIT_CONVERSION = YES;
				GCC_WARN_ABOUT_RETURN_TYPE = YES_ERROR;
				GCC_WARN_UNDECLARED_SELECTOR = YES;
				GCC_WARN_UNINITIALIZED_AUTOS = YES_AGGRESSIVE;
				GCC_WARN_UNUSED_FUNCTION = YES;
				GCC_WARN_UNUSED_VARIABLE = YES;
				IPHONEOS_DEPLOYMENT_TARGET = 15.4;
				MTL_ENABLE_DEBUG_INFO = INCLUDE_SOURCE;
				MTL_FAST_MATH = YES;
				ONLY_ACTIVE_ARCH = YES;
				SDKROOT = iphoneos;
				SWIFT_ACTIVE_COMPILATION_CONDITIONS = DEBUG;
				SWIFT_OPTIMIZATION_LEVEL = "-Onone";
			};
			name = Debug;
		};
		003E1AB12806C4D2004DEE9E /* Release */ = {
			isa = XCBuildConfiguration;
			buildSettings = {
				ALWAYS_SEARCH_USER_PATHS = NO;
				CLANG_ANALYZER_NONNULL = YES;
				CLANG_ANALYZER_NUMBER_OBJECT_CONVERSION = YES_AGGRESSIVE;
				CLANG_CXX_LANGUAGE_STANDARD = "gnu++17";
				CLANG_ENABLE_MODULES = YES;
				CLANG_ENABLE_OBJC_ARC = YES;
				CLANG_ENABLE_OBJC_WEAK = YES;
				CLANG_WARN_BLOCK_CAPTURE_AUTORELEASING = YES;
				CLANG_WARN_BOOL_CONVERSION = YES;
				CLANG_WARN_COMMA = YES;
				CLANG_WARN_CONSTANT_CONVERSION = YES;
				CLANG_WARN_DEPRECATED_OBJC_IMPLEMENTATIONS = YES;
				CLANG_WARN_DIRECT_OBJC_ISA_USAGE = YES_ERROR;
				CLANG_WARN_DOCUMENTATION_COMMENTS = YES;
				CLANG_WARN_EMPTY_BODY = YES;
				CLANG_WARN_ENUM_CONVERSION = YES;
				CLANG_WARN_INFINITE_RECURSION = YES;
				CLANG_WARN_INT_CONVERSION = YES;
				CLANG_WARN_NON_LITERAL_NULL_CONVERSION = YES;
				CLANG_WARN_OBJC_IMPLICIT_RETAIN_SELF = YES;
				CLANG_WARN_OBJC_LITERAL_CONVERSION = YES;
				CLANG_WARN_OBJC_ROOT_CLASS = YES_ERROR;
				CLANG_WARN_QUOTED_INCLUDE_IN_FRAMEWORK_HEADER = YES;
				CLANG_WARN_RANGE_LOOP_ANALYSIS = YES;
				CLANG_WARN_STRICT_PROTOTYPES = YES;
				CLANG_WARN_SUSPICIOUS_MOVE = YES;
				CLANG_WARN_UNGUARDED_AVAILABILITY = YES_AGGRESSIVE;
				CLANG_WARN_UNREACHABLE_CODE = YES;
				CLANG_WARN__DUPLICATE_METHOD_MATCH = YES;
				COPY_PHASE_STRIP = NO;
				DEBUG_INFORMATION_FORMAT = "dwarf-with-dsym";
				ENABLE_NS_ASSERTIONS = NO;
				ENABLE_STRICT_OBJC_MSGSEND = YES;
				GCC_C_LANGUAGE_STANDARD = gnu11;
				GCC_NO_COMMON_BLOCKS = YES;
				GCC_WARN_64_TO_32_BIT_CONVERSION = YES;
				GCC_WARN_ABOUT_RETURN_TYPE = YES_ERROR;
				GCC_WARN_UNDECLARED_SELECTOR = YES;
				GCC_WARN_UNINITIALIZED_AUTOS = YES_AGGRESSIVE;
				GCC_WARN_UNUSED_FUNCTION = YES;
				GCC_WARN_UNUSED_VARIABLE = YES;
				IPHONEOS_DEPLOYMENT_TARGET = 15.4;
				MTL_ENABLE_DEBUG_INFO = NO;
				MTL_FAST_MATH = YES;
				SDKROOT = iphoneos;
				SWIFT_COMPILATION_MODE = wholemodule;
				SWIFT_OPTIMIZATION_LEVEL = "-O";
				VALIDATE_PRODUCT = YES;
			};
			name = Release;
		};
		003E1AB32806C4D2004DEE9E /* Debug */ = {
			isa = XCBuildConfiguration;
			buildSettings = {
				ASSETCATALOG_COMPILER_APPICON_NAME = AppIcon;
				ASSETCATALOG_COMPILER_GLOBAL_ACCENT_COLOR_NAME = AccentColor;
				CODE_SIGN_STYLE = Automatic;
				CURRENT_PROJECT_VERSION = 1;
				DEVELOPMENT_TEAM = 86U3LK3Z76;
				GENERATE_INFOPLIST_FILE = YES;
				INFOPLIST_FILE = Bankey/Info.plist;
				INFOPLIST_KEY_UIApplicationSupportsIndirectInputEvents = YES;
				INFOPLIST_KEY_UILaunchStoryboardName = LaunchScreen;
				INFOPLIST_KEY_UISupportedInterfaceOrientations_iPad = "UIInterfaceOrientationPortrait UIInterfaceOrientationPortraitUpsideDown UIInterfaceOrientationLandscapeLeft UIInterfaceOrientationLandscapeRight";
				INFOPLIST_KEY_UISupportedInterfaceOrientations_iPhone = "UIInterfaceOrientationPortrait UIInterfaceOrientationLandscapeLeft UIInterfaceOrientationLandscapeRight";
				LD_RUNPATH_SEARCH_PATHS = (
					"$(inherited)",
					"@executable_path/Frameworks",
				);
				MARKETING_VERSION = 1.0;
				PRODUCT_BUNDLE_IDENTIFIER = com.sergioShaon.Bankey;
				PRODUCT_NAME = "$(TARGET_NAME)";
				SWIFT_EMIT_LOC_STRINGS = YES;
				SWIFT_VERSION = 5.0;
				TARGETED_DEVICE_FAMILY = "1,2";
			};
			name = Debug;
		};
		003E1AB42806C4D2004DEE9E /* Release */ = {
			isa = XCBuildConfiguration;
			buildSettings = {
				ASSETCATALOG_COMPILER_APPICON_NAME = AppIcon;
				ASSETCATALOG_COMPILER_GLOBAL_ACCENT_COLOR_NAME = AccentColor;
				CODE_SIGN_STYLE = Automatic;
				CURRENT_PROJECT_VERSION = 1;
				DEVELOPMENT_TEAM = 86U3LK3Z76;
				GENERATE_INFOPLIST_FILE = YES;
				INFOPLIST_FILE = Bankey/Info.plist;
				INFOPLIST_KEY_UIApplicationSupportsIndirectInputEvents = YES;
				INFOPLIST_KEY_UILaunchStoryboardName = LaunchScreen;
				INFOPLIST_KEY_UISupportedInterfaceOrientations_iPad = "UIInterfaceOrientationPortrait UIInterfaceOrientationPortraitUpsideDown UIInterfaceOrientationLandscapeLeft UIInterfaceOrientationLandscapeRight";
				INFOPLIST_KEY_UISupportedInterfaceOrientations_iPhone = "UIInterfaceOrientationPortrait UIInterfaceOrientationLandscapeLeft UIInterfaceOrientationLandscapeRight";
				LD_RUNPATH_SEARCH_PATHS = (
					"$(inherited)",
					"@executable_path/Frameworks",
				);
				MARKETING_VERSION = 1.0;
				PRODUCT_BUNDLE_IDENTIFIER = com.sergioShaon.Bankey;
				PRODUCT_NAME = "$(TARGET_NAME)";
				SWIFT_EMIT_LOC_STRINGS = YES;
				SWIFT_VERSION = 5.0;
				TARGETED_DEVICE_FAMILY = "1,2";
			};
			name = Release;
		};
/* End XCBuildConfiguration section */

/* Begin XCConfigurationList section */
		003E1A992806C4CF004DEE9E /* Build configuration list for PBXProject "Bankey" */ = {
			isa = XCConfigurationList;
			buildConfigurations = (
				003E1AB02806C4D2004DEE9E /* Debug */,
				003E1AB12806C4D2004DEE9E /* Release */,
			);
			defaultConfigurationIsVisible = 0;
			defaultConfigurationName = Release;
		};
		003E1AB22806C4D2004DEE9E /* Build configuration list for PBXNativeTarget "Bankey" */ = {
			isa = XCConfigurationList;
			buildConfigurations = (
				003E1AB32806C4D2004DEE9E /* Debug */,
				003E1AB42806C4D2004DEE9E /* Release */,
			);
			defaultConfigurationIsVisible = 0;
			defaultConfigurationName = Release;
		};
/* End XCConfigurationList section */
	};
	rootObject = 003E1A962806C4CF004DEE9E /* Project object */;
}
